# THIS IS AN AUTOGENERATED FILE. DO NOT EDIT THIS FILE DIRECTLY.
# yarn lockfile v1

# can be empty - yarn will call down into the depths (subdirectories)
# - just here to trigger heroku
# - which then uses the `postinstall` script in package.json to
# - cd to `client` and yarn and build from there
